// !$*UTF8*$!
{
	archiveVersion = 1;
	classes = {
	};
	objectVersion = 50;
	objects = {

/* Begin PBXBuildFile section */
		3A9CFCD37225527F76C86BCB /* Pods_OperationComparison.framework in Frameworks */ = {isa = PBXBuildFile; fileRef = E59A69A59A2119907DA3B194 /* Pods_OperationComparison.framework */; };
		9BEBF15A216E2A7800C95493 /* AppDelegate.swift in Sources */ = {isa = PBXBuildFile; fileRef = 9BEBF159216E2A7800C95493 /* AppDelegate.swift */; };
		9BEBF15C216E2A7800C95493 /* ViewController.swift in Sources */ = {isa = PBXBuildFile; fileRef = 9BEBF15B216E2A7800C95493 /* ViewController.swift */; };
		9BEBF15F216E2A7800C95493 /* Main.storyboard in Resources */ = {isa = PBXBuildFile; fileRef = 9BEBF15D216E2A7800C95493 /* Main.storyboard */; };
		9BEBF161216E2A7B00C95493 /* Assets.xcassets in Resources */ = {isa = PBXBuildFile; fileRef = 9BEBF160216E2A7B00C95493 /* Assets.xcassets */; };
		9BEBF164216E2A7B00C95493 /* LaunchScreen.storyboard in Resources */ = {isa = PBXBuildFile; fileRef = 9BEBF162216E2A7B00C95493 /* LaunchScreen.storyboard */; };
		9BEBF16C216E2A8E00C95493 /* Result.swift in Sources */ = {isa = PBXBuildFile; fileRef = 9BEBF16B216E2A8E00C95493 /* Result.swift */; };
		9BEBF16E216E2AB300C95493 /* FakeAPI.swift in Sources */ = {isa = PBXBuildFile; fileRef = 9BEBF16D216E2AB300C95493 /* FakeAPI.swift */; };
		9BEBF170216E2AF300C95493 /* User.swift in Sources */ = {isa = PBXBuildFile; fileRef = 9BEBF16F216E2AF300C95493 /* User.swift */; };
		9BEBF172216E339000C95493 /* ImageResizer.swift in Sources */ = {isa = PBXBuildFile; fileRef = 9BEBF171216E339000C95493 /* ImageResizer.swift */; };
		9BEBF174216E352300C95493 /* RealAPI.swift in Sources */ = {isa = PBXBuildFile; fileRef = 9BEBF173216E352300C95493 /* RealAPI.swift */; };
		9BEBF176216E379900C95493 /* CustomOperator.swift in Sources */ = {isa = PBXBuildFile; fileRef = 9BEBF175216E379900C95493 /* CustomOperator.swift */; };
/* End PBXBuildFile section */

/* Begin PBXFileReference section */
		33EFE84AC76E1C0D8034FAB8 /* Pods-OperationComparison.release.xcconfig */ = {isa = PBXFileReference; includeInIndex = 1; lastKnownFileType = text.xcconfig; name = "Pods-OperationComparison.release.xcconfig"; path = "Pods/Target Support Files/Pods-OperationComparison/Pods-OperationComparison.release.xcconfig"; sourceTree = "<group>"; };
		9BEBF156216E2A7800C95493 /* OperationComparison.app */ = {isa = PBXFileReference; explicitFileType = wrapper.application; includeInIndex = 0; path = OperationComparison.app; sourceTree = BUILT_PRODUCTS_DIR; };
		9BEBF159216E2A7800C95493 /* AppDelegate.swift */ = {isa = PBXFileReference; lastKnownFileType = sourcecode.swift; path = AppDelegate.swift; sourceTree = "<group>"; };
		9BEBF15B216E2A7800C95493 /* ViewController.swift */ = {isa = PBXFileReference; lastKnownFileType = sourcecode.swift; path = ViewController.swift; sourceTree = "<group>"; };
		9BEBF15E216E2A7800C95493 /* Base */ = {isa = PBXFileReference; lastKnownFileType = file.storyboard; name = Base; path = Base.lproj/Main.storyboard; sourceTree = "<group>"; };
		9BEBF160216E2A7B00C95493 /* Assets.xcassets */ = {isa = PBXFileReference; lastKnownFileType = folder.assetcatalog; path = Assets.xcassets; sourceTree = "<group>"; };
		9BEBF163216E2A7B00C95493 /* Base */ = {isa = PBXFileReference; lastKnownFileType = file.storyboard; name = Base; path = Base.lproj/LaunchScreen.storyboard; sourceTree = "<group>"; };
		9BEBF165216E2A7B00C95493 /* Info.plist */ = {isa = PBXFileReference; lastKnownFileType = text.plist.xml; path = Info.plist; sourceTree = "<group>"; };
		9BEBF16B216E2A8E00C95493 /* Result.swift */ = {isa = PBXFileReference; lastKnownFileType = sourcecode.swift; path = Result.swift; sourceTree = "<group>"; };
		9BEBF16D216E2AB300C95493 /* FakeAPI.swift */ = {isa = PBXFileReference; lastKnownFileType = sourcecode.swift; path = FakeAPI.swift; sourceTree = "<group>"; };
		9BEBF16F216E2AF300C95493 /* User.swift */ = {isa = PBXFileReference; lastKnownFileType = sourcecode.swift; path = User.swift; sourceTree = "<group>"; };
		9BEBF171216E339000C95493 /* ImageResizer.swift */ = {isa = PBXFileReference; lastKnownFileType = sourcecode.swift; path = ImageResizer.swift; sourceTree = "<group>"; };
		9BEBF173216E352300C95493 /* RealAPI.swift */ = {isa = PBXFileReference; lastKnownFileType = sourcecode.swift; path = RealAPI.swift; sourceTree = "<group>"; };
		9BEBF175216E379900C95493 /* CustomOperator.swift */ = {isa = PBXFileReference; lastKnownFileType = sourcecode.swift; path = CustomOperator.swift; sourceTree = "<group>"; };
		BE06623FB6DE7312694107FE /* Pods-OperationComparison.debug.xcconfig */ = {isa = PBXFileReference; includeInIndex = 1; lastKnownFileType = text.xcconfig; name = "Pods-OperationComparison.debug.xcconfig"; path = "Pods/Target Support Files/Pods-OperationComparison/Pods-OperationComparison.debug.xcconfig"; sourceTree = "<group>"; };
		E59A69A59A2119907DA3B194 /* Pods_OperationComparison.framework */ = {isa = PBXFileReference; explicitFileType = wrapper.framework; includeInIndex = 0; path = Pods_OperationComparison.framework; sourceTree = BUILT_PRODUCTS_DIR; };
/* End PBXFileReference section */

/* Begin PBXFrameworksBuildPhase section */
		9BEBF153216E2A7800C95493 /* Frameworks */ = {
			isa = PBXFrameworksBuildPhase;
			buildActionMask = 2147483647;
			files = (
				3A9CFCD37225527F76C86BCB /* Pods_OperationComparison.framework in Frameworks */,
			);
			runOnlyForDeploymentPostprocessing = 0;
		};
/* End PBXFrameworksBuildPhase section */

/* Begin PBXGroup section */
		00B2B5F2A9995DD739714C69 /* Pods */ = {
			isa = PBXGroup;
			children = (
				BE06623FB6DE7312694107FE /* Pods-OperationComparison.debug.xcconfig */,
				33EFE84AC76E1C0D8034FAB8 /* Pods-OperationComparison.release.xcconfig */,
			);
			name = Pods;
			sourceTree = "<group>";
		};
		0A552E1FBA064264D7F28186 /* Frameworks */ = {
			isa = PBXGroup;
			children = (
				E59A69A59A2119907DA3B194 /* Pods_OperationComparison.framework */,
			);
			name = Frameworks;
			sourceTree = "<group>";
		};
		9BEBF14D216E2A7800C95493 = {
			isa = PBXGroup;
			children = (
				9BEBF158216E2A7800C95493 /* OperationComparison */,
				9BEBF157216E2A7800C95493 /* Products */,
				00B2B5F2A9995DD739714C69 /* Pods */,
				0A552E1FBA064264D7F28186 /* Frameworks */,
			);
			sourceTree = "<group>";
		};
		9BEBF157216E2A7800C95493 /* Products */ = {
			isa = PBXGroup;
			children = (
				9BEBF156216E2A7800C95493 /* OperationComparison.app */,
			);
			name = Products;
			sourceTree = "<group>";
		};
		9BEBF158216E2A7800C95493 /* OperationComparison */ = {
			isa = PBXGroup;
			children = (
				9BEBF159216E2A7800C95493 /* AppDelegate.swift */,
				9BEBF16B216E2A8E00C95493 /* Result.swift */,
				9BEBF15B216E2A7800C95493 /* ViewController.swift */,
				9BEBF15D216E2A7800C95493 /* Main.storyboard */,
				9BEBF160216E2A7B00C95493 /* Assets.xcassets */,
				9BEBF162216E2A7B00C95493 /* LaunchScreen.storyboard */,
				9BEBF165216E2A7B00C95493 /* Info.plist */,
				9BEBF171216E339000C95493 /* ImageResizer.swift */,
				9BEBF16D216E2AB300C95493 /* FakeAPI.swift */,
				9BEBF173216E352300C95493 /* RealAPI.swift */,
				9BEBF16F216E2AF300C95493 /* User.swift */,
				9BEBF175216E379900C95493 /* CustomOperator.swift */,
			);
			path = OperationComparison;
			sourceTree = "<group>";
		};
/* End PBXGroup section */

/* Begin PBXNativeTarget section */
		9BEBF155216E2A7800C95493 /* OperationComparison */ = {
			isa = PBXNativeTarget;
			buildConfigurationList = 9BEBF168216E2A7B00C95493 /* Build configuration list for PBXNativeTarget "OperationComparison" */;
			buildPhases = (
				C7E4148291A4738BC08CE853 /* [CP] Check Pods Manifest.lock */,
				9BEBF152216E2A7800C95493 /* Sources */,
				9BEBF153216E2A7800C95493 /* Frameworks */,
				9BEBF154216E2A7800C95493 /* Resources */,
				6635F78AED665A6FD3A94B86 /* [CP] Embed Pods Frameworks */,
			);
			buildRules = (
			);
			dependencies = (
			);
			name = OperationComparison;
			productName = OperationComparison;
			productReference = 9BEBF156216E2A7800C95493 /* OperationComparison.app */;
			productType = "com.apple.product-type.application";
		};
/* End PBXNativeTarget section */

/* Begin PBXProject section */
		9BEBF14E216E2A7800C95493 /* Project object */ = {
			isa = PBXProject;
			attributes = {
				LastSwiftUpdateCheck = 1000;
				LastUpgradeCheck = 1000;
				ORGANIZATIONNAME = "Bakken & Baeck";
				TargetAttributes = {
					9BEBF155216E2A7800C95493 = {
						CreatedOnToolsVersion = 10.0;
					};
				};
			};
			buildConfigurationList = 9BEBF151216E2A7800C95493 /* Build configuration list for PBXProject "OperationComparison" */;
			compatibilityVersion = "Xcode 9.3";
			developmentRegion = en;
			hasScannedForEncodings = 0;
			knownRegions = (
				en,
				Base,
			);
			mainGroup = 9BEBF14D216E2A7800C95493;
			productRefGroup = 9BEBF157216E2A7800C95493 /* Products */;
			projectDirPath = "";
			projectRoot = "";
			targets = (
				9BEBF155216E2A7800C95493 /* OperationComparison */,
			);
		};
/* End PBXProject section */

/* Begin PBXResourcesBuildPhase section */
		9BEBF154216E2A7800C95493 /* Resources */ = {
			isa = PBXResourcesBuildPhase;
			buildActionMask = 2147483647;
			files = (
				9BEBF164216E2A7B00C95493 /* LaunchScreen.storyboard in Resources */,
				9BEBF161216E2A7B00C95493 /* Assets.xcassets in Resources */,
				9BEBF15F216E2A7800C95493 /* Main.storyboard in Resources */,
			);
			runOnlyForDeploymentPostprocessing = 0;
		};
/* End PBXResourcesBuildPhase section */

/* Begin PBXShellScriptBuildPhase section */
		6635F78AED665A6FD3A94B86 /* [CP] Embed Pods Frameworks */ = {
			isa = PBXShellScriptBuildPhase;
			buildActionMask = 2147483647;
			files = (
			);
			inputFileListPaths = (
			);
			inputPaths = (
				"${SRCROOT}/Pods/Target Support Files/Pods-OperationComparison/Pods-OperationComparison-frameworks.sh",
				"${BUILT_PRODUCTS_DIR}/PromiseKit/PromiseKit.framework",
				"${BUILT_PRODUCTS_DIR}/RxCocoa/RxCocoa.framework",
				"${BUILT_PRODUCTS_DIR}/RxSwift/RxSwift.framework",
			);
			name = "[CP] Embed Pods Frameworks";
			outputFileListPaths = (
			);
			outputPaths = (
				"${TARGET_BUILD_DIR}/${FRAMEWORKS_FOLDER_PATH}/PromiseKit.framework",
				"${TARGET_BUILD_DIR}/${FRAMEWORKS_FOLDER_PATH}/RxCocoa.framework",
				"${TARGET_BUILD_DIR}/${FRAMEWORKS_FOLDER_PATH}/RxSwift.framework",
			);
			runOnlyForDeploymentPostprocessing = 0;
			shellPath = /bin/sh;
			shellScript = "\"${SRCROOT}/Pods/Target Support Files/Pods-OperationComparison/Pods-OperationComparison-frameworks.sh\"\n";
			showEnvVarsInLog = 0;
		};
		C7E4148291A4738BC08CE853 /* [CP] Check Pods Manifest.lock */ = {
			isa = PBXShellScriptBuildPhase;
			buildActionMask = 2147483647;
			files = (
			);
			inputFileListPaths = (
			);
			inputPaths = (
				"${PODS_PODFILE_DIR_PATH}/Podfile.lock",
				"${PODS_ROOT}/Manifest.lock",
			);
			name = "[CP] Check Pods Manifest.lock";
			outputFileListPaths = (
			);
			outputPaths = (
				"$(DERIVED_FILE_DIR)/Pods-OperationComparison-checkManifestLockResult.txt",
			);
			runOnlyForDeploymentPostprocessing = 0;
			shellPath = /bin/sh;
			shellScript = "diff \"${PODS_PODFILE_DIR_PATH}/Podfile.lock\" \"${PODS_ROOT}/Manifest.lock\" > /dev/null\nif [ $? != 0 ] ; then\n    # print error to STDERR\n    echo \"error: The sandbox is not in sync with the Podfile.lock. Run 'pod install' or update your CocoaPods installation.\" >&2\n    exit 1\nfi\n# This output is used by Xcode 'outputs' to avoid re-running this script phase.\necho \"SUCCESS\" > \"${SCRIPT_OUTPUT_FILE_0}\"\n";
			showEnvVarsInLog = 0;
		};
/* End PBXShellScriptBuildPhase section */

/* Begin PBXSourcesBuildPhase section */
		9BEBF152216E2A7800C95493 /* Sources */ = {
			isa = PBXSourcesBuildPhase;
			buildActionMask = 2147483647;
			files = (
				9BEBF16C216E2A8E00C95493 /* Result.swift in Sources */,
				9BEBF16E216E2AB300C95493 /* FakeAPI.swift in Sources */,
				9BEBF15C216E2A7800C95493 /* ViewController.swift in Sources */,
				9BEBF170216E2AF300C95493 /* User.swift in Sources */,
				9BEBF172216E339000C95493 /* ImageResizer.swift in Sources */,
				9BEBF174216E352300C95493 /* RealAPI.swift in Sources */,
				9BEBF176216E379900C95493 /* CustomOperator.swift in Sources */,
				9BEBF15A216E2A7800C95493 /* AppDelegate.swift in Sources */,
			);
			runOnlyForDeploymentPostprocessing = 0;
		};
/* End PBXSourcesBuildPhase section */

/* Begin PBXVariantGroup section */
		9BEBF15D216E2A7800C95493 /* Main.storyboard */ = {
			isa = PBXVariantGroup;
			children = (
				9BEBF15E216E2A7800C95493 /* Base */,
			);
			name = Main.storyboard;
			sourceTree = "<group>";
		};
		9BEBF162216E2A7B00C95493 /* LaunchScreen.storyboard */ = {
			isa = PBXVariantGroup;
			children = (
				9BEBF163216E2A7B00C95493 /* Base */,
			);
			name = LaunchScreen.storyboard;
			sourceTree = "<group>";
		};
/* End PBXVariantGroup section */

/* Begin XCBuildConfiguration section */
		9BEBF166216E2A7B00C95493 /* Debug */ = {
			isa = XCBuildConfiguration;
			buildSettings = {
				ALWAYS_SEARCH_USER_PATHS = NO;
				CLANG_ANALYZER_NONNULL = YES;
				CLANG_ANALYZER_NUMBER_OBJECT_CONVERSION = YES_AGGRESSIVE;
				CLANG_CXX_LANGUAGE_STANDARD = "gnu++14";
				CLANG_CXX_LIBRARY = "libc++";
				CLANG_ENABLE_MODULES = YES;
				CLANG_ENABLE_OBJC_ARC = YES;
				CLANG_ENABLE_OBJC_WEAK = YES;
				CLANG_WARN_BLOCK_CAPTURE_AUTORELEASING = YES;
				CLANG_WARN_BOOL_CONVERSION = YES;
				CLANG_WARN_COMMA = YES;
				CLANG_WARN_CONSTANT_CONVERSION = YES;
				CLANG_WARN_DEPRECATED_OBJC_IMPLEMENTATIONS = YES;
				CLANG_WARN_DIRECT_OBJC_ISA_USAGE = YES_ERROR;
				CLANG_WARN_DOCUMENTATION_COMMENTS = YES;
				CLANG_WARN_EMPTY_BODY = YES;
				CLANG_WARN_ENUM_CONVERSION = YES;
				CLANG_WARN_INFINITE_RECURSION = YES;
				CLANG_WARN_INT_CONVERSION = YES;
				CLANG_WARN_NON_LITERAL_NULL_CONVERSION = YES;
				CLANG_WARN_OBJC_IMPLICIT_RETAIN_SELF = YES;
				CLANG_WARN_OBJC_LITERAL_CONVERSION = YES;
				CLANG_WARN_OBJC_ROOT_CLASS = YES_ERROR;
				CLANG_WARN_RANGE_LOOP_ANALYSIS = YES;
				CLANG_WARN_STRICT_PROTOTYPES = YES;
				CLANG_WARN_SUSPICIOUS_MOVE = YES;
				CLANG_WARN_UNGUARDED_AVAILABILITY = YES_AGGRESSIVE;
				CLANG_WARN_UNREACHABLE_CODE = YES;
				CLANG_WARN__DUPLICATE_METHOD_MATCH = YES;
				CODE_SIGN_IDENTITY = "iPhone Developer";
				COPY_PHASE_STRIP = NO;
				DEBUG_INFORMATION_FORMAT = dwarf;
				ENABLE_STRICT_OBJC_MSGSEND = YES;
				ENABLE_TESTABILITY = YES;
				GCC_C_LANGUAGE_STANDARD = gnu11;
				GCC_DYNAMIC_NO_PIC = NO;
				GCC_NO_COMMON_BLOCKS = YES;
				GCC_OPTIMIZATION_LEVEL = 0;
				GCC_PREPROCESSOR_DEFINITIONS = (
					"DEBUG=1",
					"$(inherited)",
				);
				GCC_WARN_64_TO_32_BIT_CONVERSION = YES;
				GCC_WARN_ABOUT_RETURN_TYPE = YES_ERROR;
				GCC_WARN_UNDECLARED_SELECTOR = YES;
				GCC_WARN_UNINITIALIZED_AUTOS = YES_AGGRESSIVE;
				GCC_WARN_UNUSED_FUNCTION = YES;
				GCC_WARN_UNUSED_VARIABLE = YES;
				IPHONEOS_DEPLOYMENT_TARGET = 12.0;
				MTL_ENABLE_DEBUG_INFO = INCLUDE_SOURCE;
				MTL_FAST_MATH = YES;
				ONLY_ACTIVE_ARCH = YES;
				SDKROOT = iphoneos;
				SWIFT_ACTIVE_COMPILATION_CONDITIONS = DEBUG;
				SWIFT_OPTIMIZATION_LEVEL = "-Onone";
			};
			name = Debug;
		};
		9BEBF167216E2A7B00C95493 /* Release */ = {
			isa = XCBuildConfiguration;
			buildSettings = {
				ALWAYS_SEARCH_USER_PATHS = NO;
				CLANG_ANALYZER_NONNULL = YES;
				CLANG_ANALYZER_NUMBER_OBJECT_CONVERSION = YES_AGGRESSIVE;
				CLANG_CXX_LANGUAGE_STANDARD = "gnu++14";
				CLANG_CXX_LIBRARY = "libc++";
				CLANG_ENABLE_MODULES = YES;
				CLANG_ENABLE_OBJC_ARC = YES;
				CLANG_ENABLE_OBJC_WEAK = YES;
				CLANG_WARN_BLOCK_CAPTURE_AUTORELEASING = YES;
				CLANG_WARN_BOOL_CONVERSION = YES;
				CLANG_WARN_COMMA = YES;
				CLANG_WARN_CONSTANT_CONVERSION = YES;
				CLANG_WARN_DEPRECATED_OBJC_IMPLEMENTATIONS = YES;
				CLANG_WARN_DIRECT_OBJC_ISA_USAGE = YES_ERROR;
				CLANG_WARN_DOCUMENTATION_COMMENTS = YES;
				CLANG_WARN_EMPTY_BODY = YES;
				CLANG_WARN_ENUM_CONVERSION = YES;
				CLANG_WARN_INFINITE_RECURSION = YES;
				CLANG_WARN_INT_CONVERSION = YES;
				CLANG_WARN_NON_LITERAL_NULL_CONVERSION = YES;
				CLANG_WARN_OBJC_IMPLICIT_RETAIN_SELF = YES;
				CLANG_WARN_OBJC_LITERAL_CONVERSION = YES;
				CLANG_WARN_OBJC_ROOT_CLASS = YES_ERROR;
				CLANG_WARN_RANGE_LOOP_ANALYSIS = YES;
				CLANG_WARN_STRICT_PROTOTYPES = YES;
				CLANG_WARN_SUSPICIOUS_MOVE = YES;
				CLANG_WARN_UNGUARDED_AVAILABILITY = YES_AGGRESSIVE;
				CLANG_WARN_UNREACHABLE_CODE = YES;
				CLANG_WARN__DUPLICATE_METHOD_MATCH = YES;
				CODE_SIGN_IDENTITY = "iPhone Developer";
				COPY_PHASE_STRIP = NO;
				DEBUG_INFORMATION_FORMAT = "dwarf-with-dsym";
				ENABLE_NS_ASSERTIONS = NO;
				ENABLE_STRICT_OBJC_MSGSEND = YES;
				GCC_C_LANGUAGE_STANDARD = gnu11;
				GCC_NO_COMMON_BLOCKS = YES;
				GCC_WARN_64_TO_32_BIT_CONVERSION = YES;
				GCC_WARN_ABOUT_RETURN_TYPE = YES_ERROR;
				GCC_WARN_UNDECLARED_SELECTOR = YES;
				GCC_WARN_UNINITIALIZED_AUTOS = YES_AGGRESSIVE;
				GCC_WARN_UNUSED_FUNCTION = YES;
				GCC_WARN_UNUSED_VARIABLE = YES;
				IPHONEOS_DEPLOYMENT_TARGET = 12.0;
				MTL_ENABLE_DEBUG_INFO = NO;
				MTL_FAST_MATH = YES;
				SDKROOT = iphoneos;
				SWIFT_COMPILATION_MODE = wholemodule;
				SWIFT_OPTIMIZATION_LEVEL = "-O";
				VALIDATE_PRODUCT = YES;
			};
			name = Release;
		};
		9BEBF169216E2A7B00C95493 /* Debug */ = {
			isa = XCBuildConfiguration;
			baseConfigurationReference = BE06623FB6DE7312694107FE /* Pods-OperationComparison.debug.xcconfig */;
			buildSettings = {
				ASSETCATALOG_COMPILER_APPICON_NAME = AppIcon;
				CODE_SIGN_STYLE = Automatic;
				INFOPLIST_FILE = OperationComparison/Info.plist;
				LD_RUNPATH_SEARCH_PATHS = (
					"$(inherited)",
					"@executable_path/Frameworks",
				);
				PRODUCT_BUNDLE_IDENTIFIER = no.bakkenbaeck.OperationComparison;
				PRODUCT_NAME = "$(TARGET_NAME)";
				SWIFT_VERSION = 4.2;
				TARGETED_DEVICE_FAMILY = "1,2";
			};
			name = Debug;
		};
		9BEBF16A216E2A7B00C95493 /* Release */ = {
			isa = XCBuildConfiguration;
			baseConfigurationReference = 33EFE84AC76E1C0D8034FAB8 /* Pods-OperationComparison.release.xcconfig */;
			buildSettings = {
				ASSETCATALOG_COMPILER_APPICON_NAME = AppIcon;
				CODE_SIGN_STYLE = Automatic;
				INFOPLIST_FILE = OperationComparison/Info.plist;
				LD_RUNPATH_SEARCH_PATHS = (
					"$(inherited)",
					"@executable_path/Frameworks",
				);
				PRODUCT_BUNDLE_IDENTIFIER = no.bakkenbaeck.OperationComparison;
				PRODUCT_NAME = "$(TARGET_NAME)";
				SWIFT_VERSION = 4.2;
				TARGETED_DEVICE_FAMILY = "1,2";
			};
			name = Release;
		};
/* End XCBuildConfiguration section */

/* Begin XCConfigurationList section */
		9BEBF151216E2A7800C95493 /* Build configuration list for PBXProject "OperationComparison" */ = {
			isa = XCConfigurationList;
			buildConfigurations = (
				9BEBF166216E2A7B00C95493 /* Debug */,
				9BEBF167216E2A7B00C95493 /* Release */,
			);
			defaultConfigurationIsVisible = 0;
			defaultConfigurationName = Release;
		};
		9BEBF168216E2A7B00C95493 /* Build configuration list for PBXNativeTarget "OperationComparison" */ = {
			isa = XCConfigurationList;
			buildConfigurations = (
				9BEBF169216E2A7B00C95493 /* Debug */,
				9BEBF16A216E2A7B00C95493 /* Release */,
			);
			defaultConfigurationIsVisible = 0;
			defaultConfigurationName = Release;
		};
/* End XCConfigurationList section */
	};
	rootObject = 9BEBF14E216E2A7800C95493 /* Project object */;
}
